
Microsoft Visual Studio Solution File, Format Version 12.00
# Visual Studio Version 16
VisualStudioVersion = 16.0.30907.101
MinimumVisualStudioVersion = 10.0.40219.1
Project("{FAE04EC0-301F-11D3-BF4B-00C04F79EFBC}") = "namsucks", "namsucks\namsucks.csproj", "{1D69B25B-D321-4255-AA57-60313B780176}"
EndProject
Global
	GlobalSection(SolutionConfigurationPlatforms) = preSolution
		Debug|Any CPU = Debug|Any CPU
		Release|Any CPU = Release|Any CPU
	EndGlobalSection
	GlobalSection(ProjectConfigurationPlatforms) = postSolution
		{1D69B25B-D321-4255-AA57-60313B780176}.Debug|Any CPU.ActiveCfg = Debug|Any CPU
		{1D69B25B-D321-4255-AA57-60313B780176}.Debug|Any CPU.Build.0 = Debug|Any CPU
		{1D69B25B-D321-4255-AA57-60313B780176}.Release|Any CPU.ActiveCfg = Release|Any CPU
		{1D69B25B-D321-4255-AA57-60313B780176}.Release|Any CPU.Build.0 = Release|Any CPU
	EndGlobalSection
	GlobalSection(SolutionProperties) = preSolution
		HideSolutionNode = FALSE
	EndGlobalSection
	GlobalSection(ExtensibilityGlobals) = postSolution
		SolutionGuid = {3C6BFFF6-A5A2-4BF7-A412-D056F6386CA9}
	EndGlobalSection
EndGlobal
